
Microsoft Visual Studio Solution File, Format Version 11.00
# Visual Studio 2010
Project("{FAE04EC0-301F-11D3-BF4B-00C04F79EFBC}") = "Assembly-CSharp", "Assembly-CSharp.csproj", "{690bbe5c-1fa0-b24d-52c6-9f709ed44bf1}"
EndProject
Project("{FAE04EC0-301F-11D3-BF4B-00C04F79EFBC}") = "Unity.Timeline", "Unity.Timeline.csproj", "{378b9ecb-20c4-64b1-dd3a-590123296ac7}"
EndProject
Project("{FAE04EC0-301F-11D3-BF4B-00C04F79EFBC}") = "Unity.Timeline.Editor", "Unity.Timeline.Editor.csproj", "{4da3c9c8-a160-7d0e-7b71-fef585c9372c}"
EndProject
Project("{FAE04EC0-301F-11D3-BF4B-00C04F79EFBC}") = "Unity.PlasticSCM.Editor", "Unity.PlasticSCM.Editor.csproj", "{6803eeb0-16fd-726a-0c7c-30bf470af04a}"
EndProject
Project("{FAE04EC0-301F-11D3-BF4B-00C04F79EFBC}") = "Unity.ShaderGraph.Editor", "Unity.ShaderGraph.Editor.csproj", "{9edfebcf-48f5-bbba-9d3c-4bbd14e21eaf}"
EndProject
Project("{FAE04EC0-301F-11D3-BF4B-00C04F79EFBC}") = "Unity.RenderPipelines.Universal.Editor", "Unity.RenderPipelines.Universal.Editor.csproj", "{5fa45aad-9232-645a-7436-4ba1de9e2e50}"
EndProject
Project("{FAE04EC0-301F-11D3-BF4B-00C04F79EFBC}") = "Unity.TextMeshPro.Editor", "Unity.TextMeshPro.Editor.csproj", "{d7a7d03b-d9ef-435d-54a7-8b3d64640ae3}"
EndProject
Project("{FAE04EC0-301F-11D3-BF4B-00C04F79EFBC}") = "Unity.VisualScripting.Flow", "Unity.VisualScripting.Flow.csproj", "{5e97e85d-0618-1191-695e-70b9dc419eff}"
EndProject
Project("{FAE04EC0-301F-11D3-BF4B-00C04F79EFBC}") = "UnityEditor.UI", "UnityEditor.UI.csproj", "{c272efc9-4f8c-6ade-1364-097118daf526}"
EndProject
Project("{FAE04EC0-301F-11D3-BF4B-00C04F79EFBC}") = "Unity.RenderPipelines.Universal.Runtime", "Unity.RenderPipelines.Universal.Runtime.csproj", "{2e005e50-fe3b-8864-83ea-ff4c97c41a97}"
EndProject
Project("{FAE04EC0-301F-11D3-BF4B-00C04F79EFBC}") = "Unity.RenderPipelines.Core.Runtime", "Unity.RenderPipelines.Core.Runtime.csproj", "{34703a69-e0f4-0c42-69b7-063f21f43c76}"
EndProject
Project("{FAE04EC0-301F-11D3-BF4B-00C04F79EFBC}") = "Unity.VisualScripting.Core", "Unity.VisualScripting.Core.csproj", "{2c2b4f55-35e0-2caf-7ba6-6ca573b2252b}"
EndProject
Project("{FAE04EC0-301F-11D3-BF4B-00C04F79EFBC}") = "Unity.RenderPipelines.Core.Editor", "Unity.RenderPipelines.Core.Editor.csproj", "{0cadc51f-b238-d985-5e7c-16019ce7fa44}"
EndProject
Project("{FAE04EC0-301F-11D3-BF4B-00C04F79EFBC}") = "Unity.Mathematics", "Unity.Mathematics.csproj", "{7f51b5b4-a904-e0d2-bc8c-32aa4791e73a}"
EndProject
Project("{FAE04EC0-301F-11D3-BF4B-00C04F79EFBC}") = "Unity.VisualScripting.Core.Editor", "Unity.VisualScripting.Core.Editor.csproj", "{da27e457-799d-f8c9-9e4e-01e2d6439480}"
EndProject
Project("{FAE04EC0-301F-11D3-BF4B-00C04F79EFBC}") = "Unity.VisualScripting.Flow.Editor", "Unity.VisualScripting.Flow.Editor.csproj", "{4ac4f52c-be1f-a8fb-3c26-fc621e2f26a7}"
EndProject
Project("{FAE04EC0-301F-11D3-BF4B-00C04F79EFBC}") = "UnityEditor.TestRunner", "UnityEditor.TestRunner.csproj", "{315fe7a7-fc1c-75e1-9203-a86db918f60a}"
EndProject
Project("{FAE04EC0-301F-11D3-BF4B-00C04F79EFBC}") = "Unity.VisualScripting.SettingsProvider.Editor", "Unity.VisualScripting.SettingsProvider.Editor.csproj", "{58f15b13-7aa9-f820-4dd2-f0bd4cfa63ae}"
EndProject
Project("{FAE04EC0-301F-11D3-BF4B-00C04F79EFBC}") = "UnityEngine.TestRunner", "UnityEngine.TestRunner.csproj", "{87bb6feb-1473-3bc5-48ce-95346a5adaa2}"
EndProject
Project("{FAE04EC0-301F-11D3-BF4B-00C04F79EFBC}") = "Unity.Searcher.Editor", "Unity.Searcher.Editor.csproj", "{f1b26021-e744-e0bb-fbe1-040d92051109}"
EndProject
Project("{FAE04EC0-301F-11D3-BF4B-00C04F79EFBC}") = "Unity.Burst", "Unity.Burst.csproj", "{e8a24aca-4e6b-6985-c4e7-29c4265ec2a4}"
EndProject
Project("{FAE04EC0-301F-11D3-BF4B-00C04F79EFBC}") = "UnityEngine.UI", "UnityEngine.UI.csproj", "{8d1f0509-4c75-7298-6083-6f37886486b1}"
EndProject
Project("{FAE04EC0-301F-11D3-BF4B-00C04F79EFBC}") = "Unity.VisualStudio.Editor", "Unity.VisualStudio.Editor.csproj", "{2149237d-4125-8f5e-2205-2d6c4a194c4f}"
EndProject
Project("{FAE04EC0-301F-11D3-BF4B-00C04F79EFBC}") = "PPv2URPConverters", "PPv2URPConverters.csproj", "{a9163aac-858a-2d84-218d-cd17f10c1188}"
EndProject
Project("{FAE04EC0-301F-11D3-BF4B-00C04F79EFBC}") = "Unity.TestTools.CodeCoverage.Editor.OpenCover.Model", "Unity.TestTools.CodeCoverage.Editor.OpenCover.Model.csproj", "{16fb4109-9efd-d83e-ea65-2ac726123329}"
EndProject
Project("{FAE04EC0-301F-11D3-BF4B-00C04F79EFBC}") = "Unity.Rider.Editor", "Unity.Rider.Editor.csproj", "{85636dc0-829a-98c3-f6b1-9a454ab790f0}"
EndProject
Project("{FAE04EC0-301F-11D3-BF4B-00C04F79EFBC}") = "Unity.CollabProxy.Editor", "Unity.CollabProxy.Editor.csproj", "{2dbe629e-741d-75c3-57e1-706625f2dfaf}"
EndProject
Project("{FAE04EC0-301F-11D3-BF4B-00C04F79EFBC}") = "Unity.VisualScripting.State.Editor", "Unity.VisualScripting.State.Editor.csproj", "{0ca9c1d7-0cc3-e67c-7f7e-f0bc97fbdce1}"
EndProject
Project("{FAE04EC0-301F-11D3-BF4B-00C04F79EFBC}") = "Unity.TestTools.CodeCoverage.Editor", "Unity.TestTools.CodeCoverage.Editor.csproj", "{83ee9825-1326-e568-57e9-acc2445616ff}"
EndProject
Project("{FAE04EC0-301F-11D3-BF4B-00C04F79EFBC}") = "Unity.Burst.CodeGen", "Unity.Burst.CodeGen.csproj", "{2465d69e-e01e-2f13-3320-a76d1b28cbd9}"
EndProject
Project("{FAE04EC0-301F-11D3-BF4B-00C04F79EFBC}") = "Unity.RenderPipeline.Universal.ShaderLibrary", "Unity.RenderPipeline.Universal.ShaderLibrary.csproj", "{407e116b-1f15-4051-2063-e7b24c163a9d}"
EndProject
Project("{FAE04EC0-301F-11D3-BF4B-00C04F79EFBC}") = "Unity.VisualScripting.State", "Unity.VisualScripting.State.csproj", "{ff214caf-f8e0-ea33-4407-bf8e1574ef82}"
EndProject
Project("{FAE04EC0-301F-11D3-BF4B-00C04F79EFBC}") = "Unity.TextMeshPro", "Unity.TextMeshPro.csproj", "{f0421623-7d37-2049-479f-c0cdbcc745e5}"
EndProject
Project("{FAE04EC0-301F-11D3-BF4B-00C04F79EFBC}") = "Unity.Performance.Profile-Analyzer.Editor", "Unity.Performance.Profile-Analyzer.Editor.csproj", "{9fe53e08-0658-712a-3aea-dcef0b199559}"
EndProject
Project("{FAE04EC0-301F-11D3-BF4B-00C04F79EFBC}") = "Unity.VSCode.Editor", "Unity.VSCode.Editor.csproj", "{fe4aea2e-5e95-58d4-201b-aaa06f94e536}"
EndProject
Project("{FAE04EC0-301F-11D3-BF4B-00C04F79EFBC}") = "Unity.Burst.Editor", "Unity.Burst.Editor.csproj", "{7e4f0e64-64ea-4ece-3c93-a52325cdf786}"
EndProject
Project("{FAE04EC0-301F-11D3-BF4B-00C04F79EFBC}") = "Unity.TestTools.CodeCoverage.Editor.OpenCover.Mono.Reflection", "Unity.TestTools.CodeCoverage.Editor.OpenCover.Mono.Reflection.csproj", "{2ecff5ca-cb95-7359-59f1-f0965bf18789}"
EndProject
Project("{FAE04EC0-301F-11D3-BF4B-00C04F79EFBC}") = "Unity.Settings.Editor", "Unity.Settings.Editor.csproj", "{63872670-a10e-03a8-fcdf-d26255617691}"
EndProject
Project("{FAE04EC0-301F-11D3-BF4B-00C04F79EFBC}") = "Unity.ShaderGraph.Utilities", "Unity.ShaderGraph.Utilities.csproj", "{8ef6b344-bf84-e06d-4d52-c88ae261781a}"
EndProject
Project("{FAE04EC0-301F-11D3-BF4B-00C04F79EFBC}") = "Unity.EditorCoroutines.Editor", "Unity.EditorCoroutines.Editor.csproj", "{b8ff4f0a-018c-8203-a47c-934a0c264ed7}"
EndProject
Project("{FAE04EC0-301F-11D3-BF4B-00C04F79EFBC}") = "Unity.Mathematics.Editor", "Unity.Mathematics.Editor.csproj", "{404bfd5e-be1f-7531-d38f-f76107209235}"
EndProject
Project("{FAE04EC0-301F-11D3-BF4B-00C04F79EFBC}") = "Unity.VisualScripting.Shared.Editor", "Unity.VisualScripting.Shared.Editor.csproj", "{f46e08e8-1a14-6727-19e4-017a53d7a94b}"
EndProject
Project("{FAE04EC0-301F-11D3-BF4B-00C04F79EFBC}") = "Unity.PlasticSCM.Editor.Entities", "Unity.PlasticSCM.Editor.Entities.csproj", "{1b85a26b-acfc-377d-5df3-50f7138960b8}"
EndProject
Project("{FAE04EC0-301F-11D3-BF4B-00C04F79EFBC}") = "Unity.RenderPipelines.ShaderGraph.ShaderGraphLibrary", "Unity.RenderPipelines.ShaderGraph.ShaderGraphLibrary.csproj", "{942612f8-3ce8-7c9c-38b3-7119a53211a4}"
EndProject
Project("{FAE04EC0-301F-11D3-BF4B-00C04F79EFBC}") = "Unity.RenderPipelines.Core.ShaderLibrary", "Unity.RenderPipelines.Core.ShaderLibrary.csproj", "{93708470-e392-6b7d-8c82-811cb0cb4395}"
EndProject
Project("{FAE04EC0-301F-11D3-BF4B-00C04F79EFBC}") = "Unity.RenderPipelines.Universal.Shaders", "Unity.RenderPipelines.Universal.Shaders.csproj", "{4b47cf18-e71e-1937-44a6-136bf7bb7f1d}"
EndProject
Global
	GlobalSection(SolutionConfigurationPlatforms) = preSolution
		Debug|Any CPU = Debug|Any CPU
	EndGlobalSection
	GlobalSection(ProjectConfigurationPlatforms) = postSolution
		{690bbe5c-1fa0-b24d-52c6-9f709ed44bf1}.Debug|Any CPU.ActiveCfg = Debug|Any CPU
		{690bbe5c-1fa0-b24d-52c6-9f709ed44bf1}.Debug|Any CPU.Build.0 = Debug|Any CPU
		{378b9ecb-20c4-64b1-dd3a-590123296ac7}.Debug|Any CPU.ActiveCfg = Debug|Any CPU
		{378b9ecb-20c4-64b1-dd3a-590123296ac7}.Debug|Any CPU.Build.0 = Debug|Any CPU
		{4da3c9c8-a160-7d0e-7b71-fef585c9372c}.Debug|Any CPU.ActiveCfg = Debug|Any CPU
		{4da3c9c8-a160-7d0e-7b71-fef585c9372c}.Debug|Any CPU.Build.0 = Debug|Any CPU
		{6803eeb0-16fd-726a-0c7c-30bf470af04a}.Debug|Any CPU.ActiveCfg = Debug|Any CPU
		{6803eeb0-16fd-726a-0c7c-30bf470af04a}.Debug|Any CPU.Build.0 = Debug|Any CPU
		{9edfebcf-48f5-bbba-9d3c-4bbd14e21eaf}.Debug|Any CPU.ActiveCfg = Debug|Any CPU
		{9edfebcf-48f5-bbba-9d3c-4bbd14e21eaf}.Debug|Any CPU.Build.0 = Debug|Any CPU
		{5fa45aad-9232-645a-7436-4ba1de9e2e50}.Debug|Any CPU.ActiveCfg = Debug|Any CPU
		{5fa45aad-9232-645a-7436-4ba1de9e2e50}.Debug|Any CPU.Build.0 = Debug|Any CPU
		{d7a7d03b-d9ef-435d-54a7-8b3d64640ae3}.Debug|Any CPU.ActiveCfg = Debug|Any CPU
		{d7a7d03b-d9ef-435d-54a7-8b3d64640ae3}.Debug|Any CPU.Build.0 = Debug|Any CPU
		{5e97e85d-0618-1191-695e-70b9dc419eff}.Debug|Any CPU.ActiveCfg = Debug|Any CPU
		{5e97e85d-0618-1191-695e-70b9dc419eff}.Debug|Any CPU.Build.0 = Debug|Any CPU
		{c272efc9-4f8c-6ade-1364-097118daf526}.Debug|Any CPU.ActiveCfg = Debug|Any CPU
		{c272efc9-4f8c-6ade-1364-097118daf526}.Debug|Any CPU.Build.0 = Debug|Any CPU
		{2e005e50-fe3b-8864-83ea-ff4c97c41a97}.Debug|Any CPU.ActiveCfg = Debug|Any CPU
		{2e005e50-fe3b-8864-83ea-ff4c97c41a97}.Debug|Any CPU.Build.0 = Debug|Any CPU
		{34703a69-e0f4-0c42-69b7-063f21f43c76}.Debug|Any CPU.ActiveCfg = Debug|Any CPU
		{34703a69-e0f4-0c42-69b7-063f21f43c76}.Debug|Any CPU.Build.0 = Debug|Any CPU
		{2c2b4f55-35e0-2caf-7ba6-6ca573b2252b}.Debug|Any CPU.ActiveCfg = Debug|Any CPU
		{2c2b4f55-35e0-2caf-7ba6-6ca573b2252b}.Debug|Any CPU.Build.0 = Debug|Any CPU
		{0cadc51f-b238-d985-5e7c-16019ce7fa44}.Debug|Any CPU.ActiveCfg = Debug|Any CPU
		{0cadc51f-b238-d985-5e7c-16019ce7fa44}.Debug|Any CPU.Build.0 = Debug|Any CPU
		{7f51b5b4-a904-e0d2-bc8c-32aa4791e73a}.Debug|Any CPU.ActiveCfg = Debug|Any CPU
		{7f51b5b4-a904-e0d2-bc8c-32aa4791e73a}.Debug|Any CPU.Build.0 = Debug|Any CPU
		{da27e457-799d-f8c9-9e4e-01e2d6439480}.Debug|Any CPU.ActiveCfg = Debug|Any CPU
		{da27e457-799d-f8c9-9e4e-01e2d6439480}.Debug|Any CPU.Build.0 = Debug|Any CPU
		{4ac4f52c-be1f-a8fb-3c26-fc621e2f26a7}.Debug|Any CPU.ActiveCfg = Debug|Any CPU
		{4ac4f52c-be1f-a8fb-3c26-fc621e2f26a7}.Debug|Any CPU.Build.0 = Debug|Any CPU
		{315fe7a7-fc1c-75e1-9203-a86db918f60a}.Debug|Any CPU.ActiveCfg = Debug|Any CPU
		{315fe7a7-fc1c-75e1-9203-a86db918f60a}.Debug|Any CPU.Build.0 = Debug|Any CPU
		{58f15b13-7aa9-f820-4dd2-f0bd4cfa63ae}.Debug|Any CPU.ActiveCfg = Debug|Any CPU
		{58f15b13-7aa9-f820-4dd2-f0bd4cfa63ae}.Debug|Any CPU.Build.0 = Debug|Any CPU
		{87bb6feb-1473-3bc5-48ce-95346a5adaa2}.Debug|Any CPU.ActiveCfg = Debug|Any CPU
		{87bb6feb-1473-3bc5-48ce-95346a5adaa2}.Debug|Any CPU.Build.0 = Debug|Any CPU
		{f1b26021-e744-e0bb-fbe1-040d92051109}.Debug|Any CPU.ActiveCfg = Debug|Any CPU
		{f1b26021-e744-e0bb-fbe1-040d92051109}.Debug|Any CPU.Build.0 = Debug|Any CPU
		{e8a24aca-4e6b-6985-c4e7-29c4265ec2a4}.Debug|Any CPU.ActiveCfg = Debug|Any CPU
		{e8a24aca-4e6b-6985-c4e7-29c4265ec2a4}.Debug|Any CPU.Build.0 = Debug|Any CPU
		{8d1f0509-4c75-7298-6083-6f37886486b1}.Debug|Any CPU.ActiveCfg = Debug|Any CPU
		{8d1f0509-4c75-7298-6083-6f37886486b1}.Debug|Any CPU.Build.0 = Debug|Any CPU
		{2149237d-4125-8f5e-2205-2d6c4a194c4f}.Debug|Any CPU.ActiveCfg = Debug|Any CPU
		{2149237d-4125-8f5e-2205-2d6c4a194c4f}.Debug|Any CPU.Build.0 = Debug|Any CPU
		{a9163aac-858a-2d84-218d-cd17f10c1188}.Debug|Any CPU.ActiveCfg = Debug|Any CPU
		{a9163aac-858a-2d84-218d-cd17f10c1188}.Debug|Any CPU.Build.0 = Debug|Any CPU
		{16fb4109-9efd-d83e-ea65-2ac726123329}.Debug|Any CPU.ActiveCfg = Debug|Any CPU
		{16fb4109-9efd-d83e-ea65-2ac726123329}.Debug|Any CPU.Build.0 = Debug|Any CPU
		{85636dc0-829a-98c3-f6b1-9a454ab790f0}.Debug|Any CPU.ActiveCfg = Debug|Any CPU
		{85636dc0-829a-98c3-f6b1-9a454ab790f0}.Debug|Any CPU.Build.0 = Debug|Any CPU
		{2dbe629e-741d-75c3-57e1-706625f2dfaf}.Debug|Any CPU.ActiveCfg = Debug|Any CPU
		{2dbe629e-741d-75c3-57e1-706625f2dfaf}.Debug|Any CPU.Build.0 = Debug|Any CPU
		{0ca9c1d7-0cc3-e67c-7f7e-f0bc97fbdce1}.Debug|Any CPU.ActiveCfg = Debug|Any CPU
		{0ca9c1d7-0cc3-e67c-7f7e-f0bc97fbdce1}.Debug|Any CPU.Build.0 = Debug|Any CPU
		{83ee9825-1326-e568-57e9-acc2445616ff}.Debug|Any CPU.ActiveCfg = Debug|Any CPU
		{83ee9825-1326-e568-57e9-acc2445616ff}.Debug|Any CPU.Build.0 = Debug|Any CPU
		{2465d69e-e01e-2f13-3320-a76d1b28cbd9}.Debug|Any CPU.ActiveCfg = Debug|Any CPU
		{2465d69e-e01e-2f13-3320-a76d1b28cbd9}.Debug|Any CPU.Build.0 = Debug|Any CPU
		{407e116b-1f15-4051-2063-e7b24c163a9d}.Debug|Any CPU.ActiveCfg = Debug|Any CPU
		{407e116b-1f15-4051-2063-e7b24c163a9d}.Debug|Any CPU.Build.0 = Debug|Any CPU
		{ff214caf-f8e0-ea33-4407-bf8e1574ef82}.Debug|Any CPU.ActiveCfg = Debug|Any CPU
		{ff214caf-f8e0-ea33-4407-bf8e1574ef82}.Debug|Any CPU.Build.0 = Debug|Any CPU
		{f0421623-7d37-2049-479f-c0cdbcc745e5}.Debug|Any CPU.ActiveCfg = Debug|Any CPU
		{f0421623-7d37-2049-479f-c0cdbcc745e5}.Debug|Any CPU.Build.0 = Debug|Any CPU
		{9fe53e08-0658-712a-3aea-dcef0b199559}.Debug|Any CPU.ActiveCfg = Debug|Any CPU
		{9fe53e08-0658-712a-3aea-dcef0b199559}.Debug|Any CPU.Build.0 = Debug|Any CPU
		{fe4aea2e-5e95-58d4-201b-aaa06f94e536}.Debug|Any CPU.ActiveCfg = Debug|Any CPU
		{fe4aea2e-5e95-58d4-201b-aaa06f94e536}.Debug|Any CPU.Build.0 = Debug|Any CPU
		{7e4f0e64-64ea-4ece-3c93-a52325cdf786}.Debug|Any CPU.ActiveCfg = Debug|Any CPU
		{7e4f0e64-64ea-4ece-3c93-a52325cdf786}.Debug|Any CPU.Build.0 = Debug|Any CPU
		{2ecff5ca-cb95-7359-59f1-f0965bf18789}.Debug|Any CPU.ActiveCfg = Debug|Any CPU
		{2ecff5ca-cb95-7359-59f1-f0965bf18789}.Debug|Any CPU.Build.0 = Debug|Any CPU
		{63872670-a10e-03a8-fcdf-d26255617691}.Debug|Any CPU.ActiveCfg = Debug|Any CPU
		{63872670-a10e-03a8-fcdf-d26255617691}.Debug|Any CPU.Build.0 = Debug|Any CPU
		{8ef6b344-bf84-e06d-4d52-c88ae261781a}.Debug|Any CPU.ActiveCfg = Debug|Any CPU
		{8ef6b344-bf84-e06d-4d52-c88ae261781a}.Debug|Any CPU.Build.0 = Debug|Any CPU
		{b8ff4f0a-018c-8203-a47c-934a0c264ed7}.Debug|Any CPU.ActiveCfg = Debug|Any CPU
		{b8ff4f0a-018c-8203-a47c-934a0c264ed7}.Debug|Any CPU.Build.0 = Debug|Any CPU
		{404bfd5e-be1f-7531-d38f-f76107209235}.Debug|Any CPU.ActiveCfg = Debug|Any CPU
		{404bfd5e-be1f-7531-d38f-f76107209235}.Debug|Any CPU.Build.0 = Debug|Any CPU
		{f46e08e8-1a14-6727-19e4-017a53d7a94b}.Debug|Any CPU.ActiveCfg = Debug|Any CPU
		{f46e08e8-1a14-6727-19e4-017a53d7a94b}.Debug|Any CPU.Build.0 = Debug|Any CPU
		{1b85a26b-acfc-377d-5df3-50f7138960b8}.Debug|Any CPU.ActiveCfg = Debug|Any CPU
		{1b85a26b-acfc-377d-5df3-50f7138960b8}.Debug|Any CPU.Build.0 = Debug|Any CPU
		{942612f8-3ce8-7c9c-38b3-7119a53211a4}.Debug|Any CPU.ActiveCfg = Debug|Any CPU
		{942612f8-3ce8-7c9c-38b3-7119a53211a4}.Debug|Any CPU.Build.0 = Debug|Any CPU
		{93708470-e392-6b7d-8c82-811cb0cb4395}.Debug|Any CPU.ActiveCfg = Debug|Any CPU
		{93708470-e392-6b7d-8c82-811cb0cb4395}.Debug|Any CPU.Build.0 = Debug|Any CPU
		{4b47cf18-e71e-1937-44a6-136bf7bb7f1d}.Debug|Any CPU.ActiveCfg = Debug|Any CPU
		{4b47cf18-e71e-1937-44a6-136bf7bb7f1d}.Debug|Any CPU.Build.0 = Debug|Any CPU
	EndGlobalSection
	GlobalSection(SolutionProperties) = preSolution
		HideSolutionNode = FALSE
	EndGlobalSection
EndGlobal
